hash: 51b854707f735d9b648b7838ceecb32a057cb798d9a93f46e0d68e6742bf6233
updated: 2018-01-29T15:39:48.492291875+01:00
imports:
- name: github.com/eclipse/paho.mqtt.golang
  version: bab87cde322cf9aec420645d1e9801d0f216f791
  subpackages:
  - packets
- name: github.com/efigence/go-nagios
  version: f2a79d0c070259301c76667148357c5d56e10f8f
- name: github.com/op/go-logging
  version: 970db520ece77730c7e4724c61121037378659d9
- name: github.com/satori/go.uuid
  version: 36e9d2ebbde5e3f13ab2e25625fd453271d6522e
- name: github.com/streadway/amqp
  version: 54ded0531dfd699a7893861d39a7a949c5749bc9
- name: github.com/urfave/cli
  version: 75104e932ac2ddb944a6ea19d9f9f26316ff1145
- name: github.com/zerosvc/go-zerosvc
  version: eab680e14cf4270813f1128950791aca6059aff7
- name: golang.org/x/net
  version: 5ccada7d0a7ba9aeb5d3aca8d3501b4c2a509fec
  subpackages:
  - proxy
  - websocket
testImports: []
